
Microsoft Visual Studio Solution File, Format Version 12.00
# Visual Studio 15
VisualStudioVersion = 15.0.27703.1
MinimumVisualStudioVersion = 10.0.40219.1
Project("{FAE04EC0-301F-11D3-BF4B-00C04F79EFBC}") = "G-Podtochka", "G-Podtochka\G-Podtochka.csproj", "{8C33E045-5BEF-4812-A5DD-922E8D08D8D8}"
EndProject
Global
	GlobalSection(SolutionConfigurationPlatforms) = preSolution
		Debug|Any CPU = Debug|Any CPU
		Release|Any CPU = Release|Any CPU
	EndGlobalSection
	GlobalSection(ProjectConfigurationPlatforms) = postSolution
		{8C33E045-5BEF-4812-A5DD-922E8D08D8D8}.Debug|Any CPU.ActiveCfg = Debug|Any CPU
		{8C33E045-5BEF-4812-A5DD-922E8D08D8D8}.Debug|Any CPU.Build.0 = Debug|Any CPU
		{8C33E045-5BEF-4812-A5DD-922E8D08D8D8}.Release|Any CPU.ActiveCfg = Release|Any CPU
		{8C33E045-5BEF-4812-A5DD-922E8D08D8D8}.Release|Any CPU.Build.0 = Release|Any CPU
	EndGlobalSection
	GlobalSection(SolutionProperties) = preSolution
		HideSolutionNode = FALSE
	EndGlobalSection
	GlobalSection(ExtensibilityGlobals) = postSolution
		SolutionGuid = {C23B6CAB-C677-490E-8628-33D4388D788E}
	EndGlobalSection
EndGlobal
