
Microsoft Visual Studio Solution File, Format Version 12.00
# Visual Studio Version 16
VisualStudioVersion = 16.0.30717.126
MinimumVisualStudioVersion = 10.0.40219.1
Project("{FAE04EC0-301F-11D3-BF4B-00C04F79EFBC}") = "Polygon-12V-23", "Polygon-12V-23.csproj", "{035C203B-294C-42BD-8B97-2E8EBFD5C2DC}"
EndProject
Global
	GlobalSection(SolutionConfigurationPlatforms) = preSolution
		Debug|Any CPU = Debug|Any CPU
		Release|Any CPU = Release|Any CPU
	EndGlobalSection
	GlobalSection(ProjectConfigurationPlatforms) = postSolution
		{035C203B-294C-42BD-8B97-2E8EBFD5C2DC}.Debug|Any CPU.ActiveCfg = Debug|Any CPU
		{035C203B-294C-42BD-8B97-2E8EBFD5C2DC}.Debug|Any CPU.Build.0 = Debug|Any CPU
		{035C203B-294C-42BD-8B97-2E8EBFD5C2DC}.Release|Any CPU.ActiveCfg = Release|Any CPU
		{035C203B-294C-42BD-8B97-2E8EBFD5C2DC}.Release|Any CPU.Build.0 = Release|Any CPU
	EndGlobalSection
	GlobalSection(SolutionProperties) = preSolution
		HideSolutionNode = FALSE
	EndGlobalSection
	GlobalSection(ExtensibilityGlobals) = postSolution
		SolutionGuid = {0D12F104-65AF-4240-ADF8-8D0A1A0BEB9D}
	EndGlobalSection
EndGlobal
